
Microsoft Visual Studio Solution File, Format Version 12.00
# Visual Studio Version 16
VisualStudioVersion = 16.0.30114.105
MinimumVisualStudioVersion = 10.0.40219.1
Project("{F2A71F9B-5D33-465A-A702-920D77279786}") = "1", "src\1.fsproj", "{144D9207-F2FE-44BF-AE49-B2DA4BABF93E}"
EndProject
Project("{F2A71F9B-5D33-465A-A702-920D77279786}") = "test", "test\test.fsproj", "{FABFFED0-3D04-43E8-9295-6066ABC97C60}"
EndProject
Global
	GlobalSection(SolutionConfigurationPlatforms) = preSolution
		Debug|Any CPU = Debug|Any CPU
		Release|Any CPU = Release|Any CPU
	EndGlobalSection
	GlobalSection(SolutionProperties) = preSolution
		HideSolutionNode = FALSE
	EndGlobalSection
	GlobalSection(ProjectConfigurationPlatforms) = postSolution
		{144D9207-F2FE-44BF-AE49-B2DA4BABF93E}.Debug|Any CPU.ActiveCfg = Debug|Any CPU
		{144D9207-F2FE-44BF-AE49-B2DA4BABF93E}.Debug|Any CPU.Build.0 = Debug|Any CPU
		{144D9207-F2FE-44BF-AE49-B2DA4BABF93E}.Release|Any CPU.ActiveCfg = Release|Any CPU
		{144D9207-F2FE-44BF-AE49-B2DA4BABF93E}.Release|Any CPU.Build.0 = Release|Any CPU
		{FABFFED0-3D04-43E8-9295-6066ABC97C60}.Debug|Any CPU.ActiveCfg = Debug|Any CPU
		{FABFFED0-3D04-43E8-9295-6066ABC97C60}.Debug|Any CPU.Build.0 = Debug|Any CPU
		{FABFFED0-3D04-43E8-9295-6066ABC97C60}.Release|Any CPU.ActiveCfg = Release|Any CPU
		{FABFFED0-3D04-43E8-9295-6066ABC97C60}.Release|Any CPU.Build.0 = Release|Any CPU
	EndGlobalSection
EndGlobal
